
Microsoft Visual Studio Solution File, Format Version 12.00
# Visual Studio 15
VisualStudioVersion = 15.0.33026.149
MinimumVisualStudioVersion = 10.0.40219.1
Project("{FAE04EC0-301F-11D3-BF4B-00C04F79EFBC}") = "SystemBaseExtensions", "SystemBaseExtensions\SystemBaseExtensions.csproj", "{B44BEB87-C844-4B5C-A76F-9FC1BED73A31}"
EndProject
Global
	GlobalSection(SolutionConfigurationPlatforms) = preSolution
		Debug|Any CPU = Debug|Any CPU
		Release|Any CPU = Release|Any CPU
	EndGlobalSection
	GlobalSection(ProjectConfigurationPlatforms) = postSolution
		{B44BEB87-C844-4B5C-A76F-9FC1BED73A31}.Debug|Any CPU.ActiveCfg = Debug|Any CPU
		{B44BEB87-C844-4B5C-A76F-9FC1BED73A31}.Debug|Any CPU.Build.0 = Debug|Any CPU
		{B44BEB87-C844-4B5C-A76F-9FC1BED73A31}.Release|Any CPU.ActiveCfg = Release|Any CPU
		{B44BEB87-C844-4B5C-A76F-9FC1BED73A31}.Release|Any CPU.Build.0 = Release|Any CPU
	EndGlobalSection
	GlobalSection(SolutionProperties) = preSolution
		HideSolutionNode = FALSE
	EndGlobalSection
	GlobalSection(ExtensibilityGlobals) = postSolution
		SolutionGuid = {2816FFBE-6BF8-489A-B2E7-84B24502D2EC}
	EndGlobalSection
EndGlobal
